
Microsoft Visual Studio Solution File, Format Version 12.00
# Visual Studio Version 17
VisualStudioVersion = 17.2.32616.157
MinimumVisualStudioVersion = 10.0.40219.1
Project("{9A19103F-16F7-4668-BE54-9A1E7A4F7556}") = "BookStoreWeb", "BookStoreWeb\BookStoreWeb.csproj", "{5E18B2AF-10E4-4E09-A4F2-ED1892151A70}"
EndProject
Project("{9A19103F-16F7-4668-BE54-9A1E7A4F7556}") = "BookStore.DataAccess", "BookStore.DataAccess\BookStore.DataAccess.csproj", "{D8884817-5C1A-4E4B-B4ED-6A9FEAC0499F}"
EndProject
Project("{9A19103F-16F7-4668-BE54-9A1E7A4F7556}") = "BookStore.Models", "BookStore.Models\BookStore.Models.csproj", "{7DC8347B-96F2-4E6E-8F73-6128802BD4DA}"
EndProject
Project("{9A19103F-16F7-4668-BE54-9A1E7A4F7556}") = "BookStore.Utility", "BookStore.Utility\BookStore.Utility.csproj", "{98E98616-9B22-4020-AC08-9807C14C8E26}"
EndProject
Global
	GlobalSection(SolutionConfigurationPlatforms) = preSolution
		Debug|Any CPU = Debug|Any CPU
		Release|Any CPU = Release|Any CPU
	EndGlobalSection
	GlobalSection(ProjectConfigurationPlatforms) = postSolution
		{5E18B2AF-10E4-4E09-A4F2-ED1892151A70}.Debug|Any CPU.ActiveCfg = Debug|Any CPU
		{5E18B2AF-10E4-4E09-A4F2-ED1892151A70}.Debug|Any CPU.Build.0 = Debug|Any CPU
		{5E18B2AF-10E4-4E09-A4F2-ED1892151A70}.Release|Any CPU.ActiveCfg = Release|Any CPU
		{5E18B2AF-10E4-4E09-A4F2-ED1892151A70}.Release|Any CPU.Build.0 = Release|Any CPU
		{D8884817-5C1A-4E4B-B4ED-6A9FEAC0499F}.Debug|Any CPU.ActiveCfg = Debug|Any CPU
		{D8884817-5C1A-4E4B-B4ED-6A9FEAC0499F}.Debug|Any CPU.Build.0 = Debug|Any CPU
		{D8884817-5C1A-4E4B-B4ED-6A9FEAC0499F}.Release|Any CPU.ActiveCfg = Release|Any CPU
		{D8884817-5C1A-4E4B-B4ED-6A9FEAC0499F}.Release|Any CPU.Build.0 = Release|Any CPU
		{7DC8347B-96F2-4E6E-8F73-6128802BD4DA}.Debug|Any CPU.ActiveCfg = Debug|Any CPU
		{7DC8347B-96F2-4E6E-8F73-6128802BD4DA}.Debug|Any CPU.Build.0 = Debug|Any CPU
		{7DC8347B-96F2-4E6E-8F73-6128802BD4DA}.Release|Any CPU.ActiveCfg = Release|Any CPU
		{7DC8347B-96F2-4E6E-8F73-6128802BD4DA}.Release|Any CPU.Build.0 = Release|Any CPU
		{98E98616-9B22-4020-AC08-9807C14C8E26}.Debug|Any CPU.ActiveCfg = Debug|Any CPU
		{98E98616-9B22-4020-AC08-9807C14C8E26}.Debug|Any CPU.Build.0 = Debug|Any CPU
		{98E98616-9B22-4020-AC08-9807C14C8E26}.Release|Any CPU.ActiveCfg = Release|Any CPU
		{98E98616-9B22-4020-AC08-9807C14C8E26}.Release|Any CPU.Build.0 = Release|Any CPU
	EndGlobalSection
	GlobalSection(SolutionProperties) = preSolution
		HideSolutionNode = FALSE
	EndGlobalSection
	GlobalSection(ExtensibilityGlobals) = postSolution
		SolutionGuid = {6BB778A6-2D3B-4DE8-BFCD-65772DE60373}
	EndGlobalSection
EndGlobal
